
Microsoft Visual Studio Solution File, Format Version 12.00
# Visual Studio Version 17
VisualStudioVersion = 17.8.34330.188
MinimumVisualStudioVersion = 10.0.40219.1
Project("{FAE04EC0-301F-11D3-BF4B-00C04F79EFBC}") = "UserManagement", "UserManagement\UserManagement.csproj", "{83CCC6DA-ED14-409C-BBCE-EB5F1C6FBD0D}"
EndProject
Global
	GlobalSection(SolutionConfigurationPlatforms) = preSolution
		Debug|Any CPU = Debug|Any CPU
		Release|Any CPU = Release|Any CPU
	EndGlobalSection
	GlobalSection(ProjectConfigurationPlatforms) = postSolution
		{83CCC6DA-ED14-409C-BBCE-EB5F1C6FBD0D}.Debug|Any CPU.ActiveCfg = Debug|Any CPU
		{83CCC6DA-ED14-409C-BBCE-EB5F1C6FBD0D}.Debug|Any CPU.Build.0 = Debug|Any CPU
		{83CCC6DA-ED14-409C-BBCE-EB5F1C6FBD0D}.Release|Any CPU.ActiveCfg = Release|Any CPU
		{83CCC6DA-ED14-409C-BBCE-EB5F1C6FBD0D}.Release|Any CPU.Build.0 = Release|Any CPU
	EndGlobalSection
	GlobalSection(SolutionProperties) = preSolution
		HideSolutionNode = FALSE
	EndGlobalSection
	GlobalSection(ExtensibilityGlobals) = postSolution
		SolutionGuid = {3712D801-D1F7-47EE-BE21-5ECA2528F5D5}
	EndGlobalSection
EndGlobal
